
Microsoft Visual Studio Solution File, Format Version 12.00
# Visual Studio 2012
Project("{D954291E-2A0B-460D-934E-DC6B0785DB48}") = "BirthdayCalendar", "BirthdayCalendar.shproj", "{FE84702F-3F34-4F11-AF21-1BE266303B57}"
EndProject
Project("{FAE04EC0-301F-11D3-BF4B-00C04F79EFBC}") = "BirthdayCalendar.iOS", "iOS\BirthdayCalendar.iOS.csproj", "{2F3122F3-4B70-44F8-929B-B1583DB504B1}"
EndProject
Project("{FAE04EC0-301F-11D3-BF4B-00C04F79EFBC}") = "BirthdayCalendar.Droid", "Droid\BirthdayCalendar.Droid.csproj", "{8C7D34AB-0AEB-4F1B-81A9-27BF9D732C7F}"
EndProject
Global
	GlobalSection(SolutionConfigurationPlatforms) = preSolution
		Debug|iPhoneSimulator = Debug|iPhoneSimulator
		Release|iPhoneSimulator = Release|iPhoneSimulator
		Debug|iPhone = Debug|iPhone
		Release|iPhone = Release|iPhone
		Ad-Hoc|iPhone = Ad-Hoc|iPhone
		AppStore|iPhone = AppStore|iPhone
		Debug|Any CPU = Debug|Any CPU
		Release|Any CPU = Release|Any CPU
	EndGlobalSection
	GlobalSection(ProjectConfigurationPlatforms) = postSolution
		{2F3122F3-4B70-44F8-929B-B1583DB504B1}.Ad-Hoc|iPhone.ActiveCfg = Ad-Hoc|iPhone
		{2F3122F3-4B70-44F8-929B-B1583DB504B1}.Ad-Hoc|iPhone.Build.0 = Ad-Hoc|iPhone
		{2F3122F3-4B70-44F8-929B-B1583DB504B1}.AppStore|iPhone.ActiveCfg = AppStore|iPhone
		{2F3122F3-4B70-44F8-929B-B1583DB504B1}.AppStore|iPhone.Build.0 = AppStore|iPhone
		{2F3122F3-4B70-44F8-929B-B1583DB504B1}.Debug|Any CPU.ActiveCfg = Debug|iPhoneSimulator
		{2F3122F3-4B70-44F8-929B-B1583DB504B1}.Debug|Any CPU.Build.0 = Debug|iPhoneSimulator
		{2F3122F3-4B70-44F8-929B-B1583DB504B1}.Debug|iPhone.ActiveCfg = Debug|iPhone
		{2F3122F3-4B70-44F8-929B-B1583DB504B1}.Debug|iPhone.Build.0 = Debug|iPhone
		{2F3122F3-4B70-44F8-929B-B1583DB504B1}.Debug|iPhoneSimulator.ActiveCfg = Debug|iPhoneSimulator
		{2F3122F3-4B70-44F8-929B-B1583DB504B1}.Debug|iPhoneSimulator.Build.0 = Debug|iPhoneSimulator
		{2F3122F3-4B70-44F8-929B-B1583DB504B1}.Release|Any CPU.ActiveCfg = Release|iPhoneSimulator
		{2F3122F3-4B70-44F8-929B-B1583DB504B1}.Release|Any CPU.Build.0 = Release|iPhoneSimulator
		{2F3122F3-4B70-44F8-929B-B1583DB504B1}.Release|iPhone.ActiveCfg = Release|iPhone
		{2F3122F3-4B70-44F8-929B-B1583DB504B1}.Release|iPhone.Build.0 = Release|iPhone
		{2F3122F3-4B70-44F8-929B-B1583DB504B1}.Release|iPhoneSimulator.ActiveCfg = Release|iPhoneSimulator
		{2F3122F3-4B70-44F8-929B-B1583DB504B1}.Release|iPhoneSimulator.Build.0 = Release|iPhoneSimulator
		{8C7D34AB-0AEB-4F1B-81A9-27BF9D732C7F}.Ad-Hoc|iPhone.ActiveCfg = Release|Any CPU
		{8C7D34AB-0AEB-4F1B-81A9-27BF9D732C7F}.Ad-Hoc|iPhone.Build.0 = Release|Any CPU
		{8C7D34AB-0AEB-4F1B-81A9-27BF9D732C7F}.AppStore|iPhone.ActiveCfg = Release|Any CPU
		{8C7D34AB-0AEB-4F1B-81A9-27BF9D732C7F}.AppStore|iPhone.Build.0 = Release|Any CPU
		{8C7D34AB-0AEB-4F1B-81A9-27BF9D732C7F}.Debug|Any CPU.ActiveCfg = Debug|Any CPU
		{8C7D34AB-0AEB-4F1B-81A9-27BF9D732C7F}.Debug|Any CPU.Build.0 = Debug|Any CPU
		{8C7D34AB-0AEB-4F1B-81A9-27BF9D732C7F}.Debug|iPhone.ActiveCfg = Debug|Any CPU
		{8C7D34AB-0AEB-4F1B-81A9-27BF9D732C7F}.Debug|iPhone.Build.0 = Debug|Any CPU
		{8C7D34AB-0AEB-4F1B-81A9-27BF9D732C7F}.Debug|iPhoneSimulator.ActiveCfg = Debug|Any CPU
		{8C7D34AB-0AEB-4F1B-81A9-27BF9D732C7F}.Debug|iPhoneSimulator.Build.0 = Debug|Any CPU
		{8C7D34AB-0AEB-4F1B-81A9-27BF9D732C7F}.Release|Any CPU.ActiveCfg = Release|Any CPU
		{8C7D34AB-0AEB-4F1B-81A9-27BF9D732C7F}.Release|Any CPU.Build.0 = Release|Any CPU
		{8C7D34AB-0AEB-4F1B-81A9-27BF9D732C7F}.Release|iPhone.ActiveCfg = Release|Any CPU
		{8C7D34AB-0AEB-4F1B-81A9-27BF9D732C7F}.Release|iPhone.Build.0 = Release|Any CPU
		{8C7D34AB-0AEB-4F1B-81A9-27BF9D732C7F}.Release|iPhoneSimulator.ActiveCfg = Release|Any CPU
		{8C7D34AB-0AEB-4F1B-81A9-27BF9D732C7F}.Release|iPhoneSimulator.Build.0 = Release|Any CPU
	EndGlobalSection
EndGlobal
